// !$*UTF8*$!
{
	archiveVersion = 1;
	classes = {
	};
	objectVersion = 46;
	objects = {

/* Begin PBXBuildFile section */
		9C58C35D1C17850C008A4059 /* Queue.cpp in Sources */ = {isa = PBXBuildFile; fileRef = 9C58C35A1C17850C008A4059 /* Queue.cpp */; };
		9C58C3601C1788F6008A4059 /* Node.cpp in Sources */ = {isa = PBXBuildFile; fileRef = 9C58C35E1C1788F6008A4059 /* Node.cpp */; };
		9C58C3631C178D41008A4059 /* Item.cpp in Sources */ = {isa = PBXBuildFile; fileRef = 9C58C3611C178D41008A4059 /* Item.cpp */; };
		9C7F07411BFC2F160092CD30 /* main.cpp in Sources */ = {isa = PBXBuildFile; fileRef = 9C7F07401BFC2F160092CD30 /* main.cpp */; };
		9C7F07491BFC2F820092CD30 /* Inventory.cpp in Sources */ = {isa = PBXBuildFile; fileRef = 9C7F07471BFC2F820092CD30 /* Inventory.cpp */; };
		9C7F074D1BFC2FBE0092CD30 /* Game.cpp in Sources */ = {isa = PBXBuildFile; fileRef = 9C7F074B1BFC2FBE0092CD30 /* Game.cpp */; };
		9C7F07501BFC2FCA0092CD30 /* Console.cpp in Sources */ = {isa = PBXBuildFile; fileRef = 9C7F074E1BFC2FCA0092CD30 /* Console.cpp */; };
		9C7F07531BFC2FD70092CD30 /* Accessory.cpp in Sources */ = {isa = PBXBuildFile; fileRef = 9C7F07511BFC2FD70092CD30 /* Accessory.cpp */; };
/* End PBXBuildFile section */

/* Begin PBXCopyFilesBuildPhase section */
		9C7F073B1BFC2F160092CD30 /* CopyFiles */ = {
			isa = PBXCopyFilesBuildPhase;
			buildActionMask = 2147483647;
			dstPath = /usr/share/man/man1/;
			dstSubfolderSpec = 0;
			files = (
			);
			runOnlyForDeploymentPostprocessing = 1;
		};
/* End PBXCopyFilesBuildPhase section */

/* Begin PBXFileReference section */
		9C58C35A1C17850C008A4059 /* Queue.cpp */ = {isa = PBXFileReference; fileEncoding = 4; lastKnownFileType = sourcecode.cpp.cpp; path = Queue.cpp; sourceTree = "<group>"; };
		9C58C35B1C17850C008A4059 /* Queue.h */ = {isa = PBXFileReference; fileEncoding = 4; lastKnownFileType = sourcecode.c.h; path = Queue.h; sourceTree = "<group>"; };
		9C58C35C1C17850C008A4059 /* QueueADT.h */ = {isa = PBXFileReference; fileEncoding = 4; lastKnownFileType = sourcecode.c.h; path = QueueADT.h; sourceTree = "<group>"; };
		9C58C35E1C1788F6008A4059 /* Node.cpp */ = {isa = PBXFileReference; fileEncoding = 4; lastKnownFileType = sourcecode.cpp.cpp; path = Node.cpp; sourceTree = "<group>"; };
		9C58C35F1C1788F6008A4059 /* Node.h */ = {isa = PBXFileReference; fileEncoding = 4; lastKnownFileType = sourcecode.c.h; path = Node.h; sourceTree = "<group>"; };
		9C58C3611C178D41008A4059 /* Item.cpp */ = {isa = PBXFileReference; fileEncoding = 4; lastKnownFileType = sourcecode.cpp.cpp; path = Item.cpp; sourceTree = "<group>"; };
		9C58C3621C178D41008A4059 /* Item.h */ = {isa = PBXFileReference; fileEncoding = 4; lastKnownFileType = sourcecode.c.h; path = Item.h; sourceTree = "<group>"; };
		9C7F073D1BFC2F160092CD30 /* TermProject */ = {isa = PBXFileReference; explicitFileType = "compiled.mach-o.executable"; includeInIndex = 0; path = TermProject; sourceTree = BUILT_PRODUCTS_DIR; };
		9C7F07401BFC2F160092CD30 /* main.cpp */ = {isa = PBXFileReference; lastKnownFileType = sourcecode.cpp.cpp; path = main.cpp; sourceTree = "<group>"; };
		9C7F07471BFC2F820092CD30 /* Inventory.cpp */ = {isa = PBXFileReference; fileEncoding = 4; lastKnownFileType = sourcecode.cpp.cpp; path = Inventory.cpp; sourceTree = "<group>"; };
		9C7F07481BFC2F820092CD30 /* Inventory.h */ = {isa = PBXFileReference; fileEncoding = 4; lastKnownFileType = sourcecode.c.h; path = Inventory.h; sourceTree = "<group>"; };
		9C7F074A1BFC2FAC0092CD30 /* ItemADT.h */ = {isa = PBXFileReference; lastKnownFileType = sourcecode.c.h; path = ItemADT.h; sourceTree = "<group>"; };
		9C7F074B1BFC2FBE0092CD30 /* Game.cpp */ = {isa = PBXFileReference; fileEncoding = 4; lastKnownFileType = sourcecode.cpp.cpp; path = Game.cpp; sourceTree = "<group>"; };
		9C7F074C1BFC2FBE0092CD30 /* Game.h */ = {isa = PBXFileReference; fileEncoding = 4; lastKnownFileType = sourcecode.c.h; path = Game.h; sourceTree = "<group>"; };
		9C7F074E1BFC2FCA0092CD30 /* Console.cpp */ = {isa = PBXFileReference; fileEncoding = 4; lastKnownFileType = sourcecode.cpp.cpp; path = Console.cpp; sourceTree = "<group>"; };
		9C7F074F1BFC2FCA0092CD30 /* Console.h */ = {isa = PBXFileReference; fileEncoding = 4; lastKnownFileType = sourcecode.c.h; path = Console.h; sourceTree = "<group>"; };
		9C7F07511BFC2FD70092CD30 /* Accessory.cpp */ = {isa = PBXFileReference; fileEncoding = 4; lastKnownFileType = sourcecode.cpp.cpp; path = Accessory.cpp; sourceTree = "<group>"; };
		9C7F07521BFC2FD70092CD30 /* Accessory.h */ = {isa = PBXFileReference; fileEncoding = 4; lastKnownFileType = sourcecode.c.h; path = Accessory.h; sourceTree = "<group>"; };
/* End PBXFileReference section */

/* Begin PBXFrameworksBuildPhase section */
		9C7F073A1BFC2F160092CD30 /* Frameworks */ = {
			isa = PBXFrameworksBuildPhase;
			buildActionMask = 2147483647;
			files = (
			);
			runOnlyForDeploymentPostprocessing = 0;
		};
/* End PBXFrameworksBuildPhase section */

/* Begin PBXGroup section */
		9C7F07341BFC2F150092CD30 = {
			isa = PBXGroup;
			children = (
				9C7F073F1BFC2F160092CD30 /* TermProject */,
				9C7F073E1BFC2F160092CD30 /* Products */,
			);
			sourceTree = "<group>";
		};
		9C7F073E1BFC2F160092CD30 /* Products */ = {
			isa = PBXGroup;
			children = (
				9C7F073D1BFC2F160092CD30 /* TermProject */,
			);
			name = Products;
			sourceTree = "<group>";
		};
		9C7F073F1BFC2F160092CD30 /* TermProject */ = {
			isa = PBXGroup;
			children = (
				9C58C35E1C1788F6008A4059 /* Node.cpp */,
				9C58C35F1C1788F6008A4059 /* Node.h */,
				9C58C35A1C17850C008A4059 /* Queue.cpp */,
				9C58C35B1C17850C008A4059 /* Queue.h */,
				9C58C35C1C17850C008A4059 /* QueueADT.h */,
				9C7F07401BFC2F160092CD30 /* main.cpp */,
				9C7F07481BFC2F820092CD30 /* Inventory.h */,
				9C7F07471BFC2F820092CD30 /* Inventory.cpp */,
				9C7F074A1BFC2FAC0092CD30 /* ItemADT.h */,
				9C7F074B1BFC2FBE0092CD30 /* Game.cpp */,
				9C7F074C1BFC2FBE0092CD30 /* Game.h */,
				9C7F074E1BFC2FCA0092CD30 /* Console.cpp */,
				9C7F074F1BFC2FCA0092CD30 /* Console.h */,
				9C7F07511BFC2FD70092CD30 /* Accessory.cpp */,
				9C7F07521BFC2FD70092CD30 /* Accessory.h */,
				9C58C3611C178D41008A4059 /* Item.cpp */,
				9C58C3621C178D41008A4059 /* Item.h */,
			);
			path = TermProject;
			sourceTree = "<group>";
		};
/* End PBXGroup section */

/* Begin PBXNativeTarget section */
		9C7F073C1BFC2F160092CD30 /* TermProject */ = {
			isa = PBXNativeTarget;
			buildConfigurationList = 9C7F07441BFC2F160092CD30 /* Build configuration list for PBXNativeTarget "TermProject" */;
			buildPhases = (
				9C7F07391BFC2F160092CD30 /* Sources */,
				9C7F073A1BFC2F160092CD30 /* Frameworks */,
				9C7F073B1BFC2F160092CD30 /* CopyFiles */,
			);
			buildRules = (
			);
			dependencies = (
			);
			name = TermProject;
			productName = TermProject;
			productReference = 9C7F073D1BFC2F160092CD30 /* TermProject */;
			productType = "com.apple.product-type.tool";
		};
/* End PBXNativeTarget section */

/* Begin PBXProject section */
		9C7F07351BFC2F150092CD30 /* Project object */ = {
			isa = PBXProject;
			attributes = {
				LastUpgradeCheck = 0600;
				ORGANIZATIONNAME = "David Dorsey";
				TargetAttributes = {
					9C7F073C1BFC2F160092CD30 = {
						CreatedOnToolsVersion = 6.0.1;
					};
				};
			};
			buildConfigurationList = 9C7F07381BFC2F150092CD30 /* Build configuration list for PBXProject "TermProject" */;
			compatibilityVersion = "Xcode 3.2";
			developmentRegion = English;
			hasScannedForEncodings = 0;
			knownRegions = (
				en,
			);
			mainGroup = 9C7F07341BFC2F150092CD30;
			productRefGroup = 9C7F073E1BFC2F160092CD30 /* Products */;
			projectDirPath = "";
			projectRoot = "";
			targets = (
				9C7F073C1BFC2F160092CD30 /* TermProject */,
			);
		};
/* End PBXProject section */

/* Begin PBXSourcesBuildPhase section */
		9C7F07391BFC2F160092CD30 /* Sources */ = {
			isa = PBXSourcesBuildPhase;
			buildActionMask = 2147483647;
			files = (
				9C58C3631C178D41008A4059 /* Item.cpp in Sources */,
				9C7F074D1BFC2FBE0092CD30 /* Game.cpp in Sources */,
				9C58C3601C1788F6008A4059 /* Node.cpp in Sources */,
				9C7F07491BFC2F820092CD30 /* Inventory.cpp in Sources */,
				9C7F07531BFC2FD70092CD30 /* Accessory.cpp in Sources */,
				9C58C35D1C17850C008A4059 /* Queue.cpp in Sources */,
				9C7F07411BFC2F160092CD30 /* main.cpp in Sources */,
				9C7F07501BFC2FCA0092CD30 /* Console.cpp in Sources */,
			);
			runOnlyForDeploymentPostprocessing = 0;
		};
/* End PBXSourcesBuildPhase section */

/* Begin XCBuildConfiguration section */
		9C7F07421BFC2F160092CD30 /* Debug */ = {
			isa = XCBuildConfiguration;
			buildSettings = {
				ALWAYS_SEARCH_USER_PATHS = NO;
				CLANG_CXX_LANGUAGE_STANDARD = "gnu++0x";
				CLANG_CXX_LIBRARY = "libc++";
				CLANG_ENABLE_MODULES = YES;
				CLANG_ENABLE_OBJC_ARC = YES;
				CLANG_WARN_BOOL_CONVERSION = YES;
				CLANG_WARN_CONSTANT_CONVERSION = YES;
				CLANG_WARN_DIRECT_OBJC_ISA_USAGE = YES_ERROR;
				CLANG_WARN_EMPTY_BODY = YES;
				CLANG_WARN_ENUM_CONVERSION = YES;
				CLANG_WARN_INT_CONVERSION = YES;
				CLANG_WARN_OBJC_ROOT_CLASS = YES_ERROR;
				CLANG_WARN_UNREACHABLE_CODE = YES;
				CLANG_WARN__DUPLICATE_METHOD_MATCH = YES;
				COPY_PHASE_STRIP = NO;
				ENABLE_STRICT_OBJC_MSGSEND = YES;
				GCC_C_LANGUAGE_STANDARD = gnu99;
				GCC_DYNAMIC_NO_PIC = NO;
				GCC_OPTIMIZATION_LEVEL = 0;
				GCC_PREPROCESSOR_DEFINITIONS = (
					"DEBUG=1",
					"$(inherited)",
				);
				GCC_SYMBOLS_PRIVATE_EXTERN = NO;
				GCC_WARN_64_TO_32_BIT_CONVERSION = YES;
				GCC_WARN_ABOUT_RETURN_TYPE = YES_ERROR;
				GCC_WARN_UNDECLARED_SELECTOR = YES;
				GCC_WARN_UNINITIALIZED_AUTOS = YES_AGGRESSIVE;
				GCC_WARN_UNUSED_FUNCTION = YES;
				GCC_WARN_UNUSED_VARIABLE = YES;
				MACOSX_DEPLOYMENT_TARGET = 10.10;
				MTL_ENABLE_DEBUG_INFO = YES;
				ONLY_ACTIVE_ARCH = YES;
				SDKROOT = macosx;
			};
			name = Debug;
		};
		9C7F07431BFC2F160092CD30 /* Release */ = {
			isa = XCBuildConfiguration;
			buildSettings = {
				ALWAYS_SEARCH_USER_PATHS = NO;
				CLANG_CXX_LANGUAGE_STANDARD = "gnu++0x";
				CLANG_CXX_LIBRARY = "libc++";
				CLANG_ENABLE_MODULES = YES;
				CLANG_ENABLE_OBJC_ARC = YES;
				CLANG_WARN_BOOL_CONVERSION = YES;
				CLANG_WARN_CONSTANT_CONVERSION = YES;
				CLANG_WARN_DIRECT_OBJC_ISA_USAGE = YES_ERROR;
				CLANG_WARN_EMPTY_BODY = YES;
				CLANG_WARN_ENUM_CONVERSION = YES;
				CLANG_WARN_INT_CONVERSION = YES;
				CLANG_WARN_OBJC_ROOT_CLASS = YES_ERROR;
				CLANG_WARN_UNREACHABLE_CODE = YES;
				CLANG_WARN__DUPLICATE_METHOD_MATCH = YES;
				COPY_PHASE_STRIP = YES;
				DEBUG_INFORMATION_FORMAT = "dwarf-with-dsym";
				ENABLE_NS_ASSERTIONS = NO;
				ENABLE_STRICT_OBJC_MSGSEND = YES;
				GCC_C_LANGUAGE_STANDARD = gnu99;
				GCC_WARN_64_TO_32_BIT_CONVERSION = YES;
				GCC_WARN_ABOUT_RETURN_TYPE = YES_ERROR;
				GCC_WARN_UNDECLARED_SELECTOR = YES;
				GCC_WARN_UNINITIALIZED_AUTOS = YES_AGGRESSIVE;
				GCC_WARN_UNUSED_FUNCTION = YES;
				GCC_WARN_UNUSED_VARIABLE = YES;
				MACOSX_DEPLOYMENT_TARGET = 10.10;
				MTL_ENABLE_DEBUG_INFO = NO;
				SDKROOT = macosx;
			};
			name = Release;
		};
		9C7F07451BFC2F160092CD30 /* Debug */ = {
			isa = XCBuildConfiguration;
			buildSettings = {
				PRODUCT_NAME = "$(TARGET_NAME)";
			};
			name = Debug;
		};
		9C7F07461BFC2F160092CD30 /* Release */ = {
			isa = XCBuildConfiguration;
			buildSettings = {
				PRODUCT_NAME = "$(TARGET_NAME)";
			};
			name = Release;
		};
/* End XCBuildConfiguration section */

/* Begin XCConfigurationList section */
		9C7F07381BFC2F150092CD30 /* Build configuration list for PBXProject "TermProject" */ = {
			isa = XCConfigurationList;
			buildConfigurations = (
				9C7F07421BFC2F160092CD30 /* Debug */,
				9C7F07431BFC2F160092CD30 /* Release */,
			);
			defaultConfigurationIsVisible = 0;
			defaultConfigurationName = Release;
		};
		9C7F07441BFC2F160092CD30 /* Build configuration list for PBXNativeTarget "TermProject" */ = {
			isa = XCConfigurationList;
			buildConfigurations = (
				9C7F07451BFC2F160092CD30 /* Debug */,
				9C7F07461BFC2F160092CD30 /* Release */,
			);
			defaultConfigurationIsVisible = 0;
			defaultConfigurationName = Release;
		};
/* End XCConfigurationList section */
	};
	rootObject = 9C7F07351BFC2F150092CD30 /* Project object */;
}
